<?xml version="1.0" encoding="utf-8"?>
<Project ToolsVersion="4.0" xmlns="http://schemas.microsoft.com/developer/msbuild/2003">
  <ItemGroup>
    <ClCompile Include="Camera.cpp" />
    <ClCompile Include="d3dUtil.cpp" />
    <ClCompile Include="entityManager.cpp" />
    <ClCompile Include="InputManager.cpp" />
    <ClCompile Include="DXmoteur.cpp" />
    <ClCompile Include="Mesh.cpp" />
    <ClCompile Include="RenderEngine.cpp" />
    <ClCompile Include="Score.cpp" />
    <ClCompile Include="ShaderStructure.cpp" />
    <ClCompile Include="Timer.cpp" />
    <ClCompile Include="Transform.cpp" />
    <ClCompile Include="Entity.cpp" />
    <ClCompile Include="MathHelper.cpp" />
    <ClCompile Include="WindowEngine.cpp" />
  </ItemGroup>
  <ItemGroup>
    <ClInclude Include="Camera.h" />
    <ClInclude Include="Collider.h" />
    <ClInclude Include="Component.h" />
    <ClInclude Include="d3d12.h" />
    <ClInclude Include="d3dUtil.h" />
    <ClInclude Include="d3dx12.h" />
    <ClInclude Include="DXmoteur.h" />
    <ClInclude Include="Entity.h" />
    <ClInclude Include="entityManager.h" />
    <ClInclude Include="framework.h" />
    <ClInclude Include="InputManager.h" />
    <ClInclude Include="MathHelper.h" />
    <ClInclude Include="Helpers.h" />
    <ClInclude Include="Mesh.h" />
    <ClInclude Include="pch.h" />
    <ClInclude Include="RenderEngine.h" />
    <ClInclude Include="Resource.h" />
    <ClInclude Include="Score.h" />
    <ClInclude Include="ShaderStructure.h" />
    <ClInclude Include="targetver.h" />
    <ClInclude Include="Timer.h" />
    <ClInclude Include="Transform.h" />
    <ClInclude Include="UploadBuffer.h" />
    <ClInclude Include="WindowEngine.h" />
  </ItemGroup>
  <ItemGroup>
    <ResourceCompile Include="DirectXMoteur.rc" />
  </ItemGroup>
  <ItemGroup>
    <Image Include="DirectXMoteur.ico" />
    <Image Include="small.ico" />
  </ItemGroup>
  <ItemGroup>
    <Text Include="Shader.hlsl" />
  </ItemGroup>
</Project>