<?xml version="1.0" encoding="utf-8"?>
<Project ToolsVersion="4.0" xmlns="http://schemas.microsoft.com/developer/msbuild/2003">
  <ItemGroup>
    <ClCompile Include="Camera.cpp" />
    <ClCompile Include="entityManager.cpp" />
    <ClCompile Include="InputManager.cpp" />
    <ClCompile Include="DXmoteur.cpp" />
    <ClCompile Include="Mesh.cpp" />
    <ClCompile Include="RenderEngine.cpp" />
    <ClCompile Include="Score.cpp" />
    <ClCompile Include="ShaderStructure.cpp" />
    <ClCompile Include="Timer.cpp" />
    <ClCompile Include="Transform.cpp" />
    <ClCompile Include="Entity.cpp" />
    <ClCompile Include="MathHelper.cpp" />
    <ClCompile Include="WindowEngine.cpp" />
    <ClCompile Include="MeshRenderer.cpp" />
    <ClCompile Include="d3dUtil.cpp">
      <Filter>header</Filter>
    </ClCompile>
  </ItemGroup>
  <ItemGroup>
    <ClInclude Include="d3dx12.h" />
    <ClInclude Include="Camera.h">
      <Filter>header</Filter>
    </ClInclude>
    <ClInclude Include="Collider.h">
      <Filter>header</Filter>
    </ClInclude>
    <ClInclude Include="Component.h">
      <Filter>header</Filter>
    </ClInclude>
    <ClInclude Include="d3d12.h">
      <Filter>header</Filter>
    </ClInclude>
    <ClInclude Include="d3dUtil.h">
      <Filter>header</Filter>
    </ClInclude>
    <ClInclude Include="d3dx12.h">
      <Filter>header</Filter>
    </ClInclude>
    <ClInclude Include="DXmoteur.h">
      <Filter>header</Filter>
    </ClInclude>
    <ClInclude Include="Entity.h">
      <Filter>header</Filter>
    </ClInclude>
    <ClInclude Include="entityManager.h">
      <Filter>header</Filter>
    </ClInclude>
    <ClInclude Include="framework.h">
      <Filter>header</Filter>
    </ClInclude>
    <ClInclude Include="Helpers.h">
      <Filter>header</Filter>
    </ClInclude>
    <ClInclude Include="InputManager.h">
      <Filter>header</Filter>
    </ClInclude>
    <ClInclude Include="MathHelper.h">
      <Filter>header</Filter>
    </ClInclude>
    <ClInclude Include="Mesh.h">
      <Filter>header</Filter>
    </ClInclude>
    <ClInclude Include="pch.h">
      <Filter>header</Filter>
    </ClInclude>
    <ClInclude Include="RenderEngine.h">
      <Filter>header</Filter>
    </ClInclude>
    <ClInclude Include="Resource.h">
      <Filter>header</Filter>
    </ClInclude>
    <ClInclude Include="Score.h">
      <Filter>header</Filter>
    </ClInclude>
    <ClInclude Include="ShaderStructure.h">
      <Filter>header</Filter>
    </ClInclude>
    <ClInclude Include="targetver.h">
      <Filter>header</Filter>
    </ClInclude>
    <ClInclude Include="Timer.h">
      <Filter>header</Filter>
    </ClInclude>
    <ClInclude Include="Transform.h">
      <Filter>header</Filter>
    </ClInclude>
    <ClInclude Include="UploadBuffer.h">
      <Filter>header</Filter>
    </ClInclude>
    <ClInclude Include="WindowEngine.h">
      <Filter>header</Filter>
    </ClInclude>
    <ClInclude Include="MeshRenderer.h" />
  </ItemGroup>
  <ItemGroup>
    <ClCompile Include="MathHelper.cpp">
      <Filter>Fichiers de ressources\inc</Filter>
    </ClCompile>
    <ClCompile Include="Camera.cpp">
      <Filter>Fichiers sources\DX_src</Filter>
    </ClCompile>
    <ClCompile Include="WindowEngine.cpp">
      <Filter>Fichiers sources</Filter>
    </ClCompile>
    <ClCompile Include="RenderEngine.cpp">
      <Filter>Fichiers sources</Filter>
    </ClCompile>
    <ClCompile Include="Entity.cpp">
      <Filter>Fichiers sources\DX_src</Filter>
    </ClCompile>
    <ClCompile Include="InputManager.cpp">
      <Filter>Fichiers sources\DX_src</Filter>
    </ClCompile>
    <ClCompile Include="Score.cpp">
      <Filter>Fichiers sources\DX_src</Filter>
    </ClCompile>
    <ClCompile Include="Timer.cpp">
      <Filter>Fichiers sources\DX_src</Filter>
    </ClCompile>
    <ClCompile Include="Transform.cpp">
      <Filter>Fichiers sources\DX_src</Filter>
    </ClCompile>
    <ClCompile Include="DXmoteur.cpp">
      <Filter>Fichiers sources</Filter>
    </ClCompile>
    <ClCompile Include="ShaderStructure.cpp">
      <Filter>Fichiers sources\DX_src</Filter>
    </ClCompile>
    <ClCompile Include="Mesh.cpp">
      <Filter>Fichiers sources\DX_src</Filter>
    </ClCompile>
    <ClCompile Include="entityManager.cpp">
      <Filter>Fichiers sources\DX_src</Filter>
    </ClCompile>
    <ClInclude Include="Camera.h" />
    <ClInclude Include="Collider.h" />
    <ClInclude Include="Component.h" />
    <ClInclude Include="d3d12.h" />
    <ClInclude Include="d3dUtil.h" />
    <ClInclude Include="d3dx12.h" />
    <ClInclude Include="DXmoteur.h" />
    <ClInclude Include="Entity.h" />
    <ClInclude Include="entityManager.h" />
    <ClInclude Include="framework.h" />
    <ClInclude Include="InputManager.h" />
    <ClInclude Include="MathHelper.h" />
    <ClInclude Include="Helpers.h" />
    <ClInclude Include="Mesh.h" />
    <ClInclude Include="pch.h" />
    <ClInclude Include="RenderEngine.h" />
    <ClInclude Include="Resource.h" />
    <ClInclude Include="Score.h" />
    <ClInclude Include="ShaderStructure.h" />
    <ClInclude Include="targetver.h" />
    <ClInclude Include="Timer.h" />
    <ClInclude Include="Transform.h" />
    <ClInclude Include="UploadBuffer.h" />
    <ClInclude Include="WindowEngine.h" />
  </ItemGroup>
  <ItemGroup>
    <Image Include="DirectXMoteur.ico" />
    <Image Include="small.ico" />
  </ItemGroup>
  <ItemGroup>
    <Text Include="Shader.hlsl" />
  </ItemGroup>
  <ItemGroup>
    <Filter Include="header">
      <UniqueIdentifier>{ca801d7a-59dd-4497-9cb8-5baa4efa83e6}</UniqueIdentifier>
    </Filter>
  </ItemGroup>
  <ItemGroup>
    <ResourceCompile Include="DirectXMoteur.rc">
      <Filter>header</Filter>
    </ResourceCompile>
  </ItemGroup>
</Project>